
Microsoft Visual Studio Solution File, Format Version 12.00
# Visual Studio Version 17
VisualStudioVersion = 17.0.31903.59
MinimumVisualStudioVersion = 10.0.40219.1
Project("{FAE04EC0-301F-11D3-BF4B-00C04F79EFBC}") = "SumofSubarrays", "SumofSubarrays\SumofSubarrays.csproj", "{78FA069A-56B4-46AF-9BAE-4586E1B873F1}"
EndProject
Project("{FAE04EC0-301F-11D3-BF4B-00C04F79EFBC}") = "KadanesAlgorithm", "KadanesAlgorithm\KadanesAlgorithm.csproj", "{F1A4DF14-890C-4984-917D-8D299549CCEB}"
EndProject
Project("{FAE04EC0-301F-11D3-BF4B-00C04F79EFBC}") = "ContestQ3", "ContestQ3\ContestQ3.csproj", "{60B7AE11-8152-4B48-81DA-62792A53233F}"
EndProject
Project("{FAE04EC0-301F-11D3-BF4B-00C04F79EFBC}") = "ContestQ4", "ContestQ4\ContestQ4.csproj", "{B3CD7680-1780-4517-9E02-82D0635255CF}"
EndProject
Project("{FAE04EC0-301F-11D3-BF4B-00C04F79EFBC}") = "WaterTrap", "WaterTrap\WaterTrap.csproj", "{B3FBA0E4-9A14-4458-A917-909A16B32DDB}"
EndProject
Global
	GlobalSection(SolutionConfigurationPlatforms) = preSolution
		Debug|Any CPU = Debug|Any CPU
		Release|Any CPU = Release|Any CPU
	EndGlobalSection
	GlobalSection(SolutionProperties) = preSolution
		HideSolutionNode = FALSE
	EndGlobalSection
	GlobalSection(ProjectConfigurationPlatforms) = postSolution
		{78FA069A-56B4-46AF-9BAE-4586E1B873F1}.Debug|Any CPU.ActiveCfg = Debug|Any CPU
		{78FA069A-56B4-46AF-9BAE-4586E1B873F1}.Debug|Any CPU.Build.0 = Debug|Any CPU
		{78FA069A-56B4-46AF-9BAE-4586E1B873F1}.Release|Any CPU.ActiveCfg = Release|Any CPU
		{78FA069A-56B4-46AF-9BAE-4586E1B873F1}.Release|Any CPU.Build.0 = Release|Any CPU
		{F1A4DF14-890C-4984-917D-8D299549CCEB}.Debug|Any CPU.ActiveCfg = Debug|Any CPU
		{F1A4DF14-890C-4984-917D-8D299549CCEB}.Debug|Any CPU.Build.0 = Debug|Any CPU
		{F1A4DF14-890C-4984-917D-8D299549CCEB}.Release|Any CPU.ActiveCfg = Release|Any CPU
		{F1A4DF14-890C-4984-917D-8D299549CCEB}.Release|Any CPU.Build.0 = Release|Any CPU
		{60B7AE11-8152-4B48-81DA-62792A53233F}.Debug|Any CPU.ActiveCfg = Debug|Any CPU
		{60B7AE11-8152-4B48-81DA-62792A53233F}.Debug|Any CPU.Build.0 = Debug|Any CPU
		{60B7AE11-8152-4B48-81DA-62792A53233F}.Release|Any CPU.ActiveCfg = Release|Any CPU
		{60B7AE11-8152-4B48-81DA-62792A53233F}.Release|Any CPU.Build.0 = Release|Any CPU
		{B3CD7680-1780-4517-9E02-82D0635255CF}.Debug|Any CPU.ActiveCfg = Debug|Any CPU
		{B3CD7680-1780-4517-9E02-82D0635255CF}.Debug|Any CPU.Build.0 = Debug|Any CPU
		{B3CD7680-1780-4517-9E02-82D0635255CF}.Release|Any CPU.ActiveCfg = Release|Any CPU
		{B3CD7680-1780-4517-9E02-82D0635255CF}.Release|Any CPU.Build.0 = Release|Any CPU
		{B3FBA0E4-9A14-4458-A917-909A16B32DDB}.Debug|Any CPU.ActiveCfg = Debug|Any CPU
		{B3FBA0E4-9A14-4458-A917-909A16B32DDB}.Debug|Any CPU.Build.0 = Debug|Any CPU
		{B3FBA0E4-9A14-4458-A917-909A16B32DDB}.Release|Any CPU.ActiveCfg = Release|Any CPU
		{B3FBA0E4-9A14-4458-A917-909A16B32DDB}.Release|Any CPU.Build.0 = Release|Any CPU
	EndGlobalSection
EndGlobal
